# This file is autogenerated, do not edit; changes may be undone by the next 'dep ensure'.


[[projects]]
  digest = "1:68355419a4217ff45b6e3b2a7db22f8a8d75ffd5f0d456edcf6148d55e78c4b2"
  name = "github.com/emirpasic/gods"
  packages = [
    "containers",
    "maps",
    "maps/treemap",
    "trees",
    "trees/redblacktree",
    "utils",
  ]
  pruneopts = "UT"
  revision = "1615341f118ae12f353cc8a983f35b584342c9b3"
  version = "v1.12.0"

[solve-meta]
  analyzer-name = "dep"
  analyzer-version = 1
  input-imports = ["github.com/emirpasic/gods/maps/treemap"]
  solver-name = "gps-cdcl"
  solver-version = 1
